
Microsoft Visual Studio Solution File, Format Version 12.00
# Visual Studio Version 17
VisualStudioVersion = 17.3.32929.385
MinimumVisualStudioVersion = 10.0.40219.1
Project("{FAE04EC0-301F-11D3-BF4B-00C04F79EFBC}") = "ConsolaEjercicioClase", "ConsolaEjercicioClase\ConsolaEjercicioClase.csproj", "{5B9A1137-87AA-4D4E-B398-A70DF58B5552}"
EndProject
Global
	GlobalSection(SolutionConfigurationPlatforms) = preSolution
		Debug|Any CPU = Debug|Any CPU
		Release|Any CPU = Release|Any CPU
	EndGlobalSection
	GlobalSection(ProjectConfigurationPlatforms) = postSolution
		{5B9A1137-87AA-4D4E-B398-A70DF58B5552}.Debug|Any CPU.ActiveCfg = Debug|Any CPU
		{5B9A1137-87AA-4D4E-B398-A70DF58B5552}.Debug|Any CPU.Build.0 = Debug|Any CPU
		{5B9A1137-87AA-4D4E-B398-A70DF58B5552}.Release|Any CPU.ActiveCfg = Release|Any CPU
		{5B9A1137-87AA-4D4E-B398-A70DF58B5552}.Release|Any CPU.Build.0 = Release|Any CPU
	EndGlobalSection
	GlobalSection(SolutionProperties) = preSolution
		HideSolutionNode = FALSE
	EndGlobalSection
	GlobalSection(ExtensibilityGlobals) = postSolution
		SolutionGuid = {C8B4AD12-56AF-4172-A8F2-C95ACE0240AF}
	EndGlobalSection
EndGlobal
